// !$*UTF8*$!
{
	archiveVersion = 1;
	classes = {
	};
	objectVersion = 46;
	objects = {

/* Begin PBXBuildFile section */
		4F0521281D964B0500722B51 /* AppDelegate.swift in Sources */ = {isa = PBXBuildFile; fileRef = 4F0521271D964B0500722B51 /* AppDelegate.swift */; };
		4F05212A1D964B0500722B51 /* ViewController.swift in Sources */ = {isa = PBXBuildFile; fileRef = 4F0521291D964B0500722B51 /* ViewController.swift */; };
		4F05212F1D964B0500722B51 /* Assets.xcassets in Resources */ = {isa = PBXBuildFile; fileRef = 4F05212E1D964B0500722B51 /* Assets.xcassets */; };
		4F05213A1D964CA400722B51 /* TestView.swift in Sources */ = {isa = PBXBuildFile; fileRef = 4F0521391D964CA400722B51 /* TestView.swift */; };
		4F05213C1D964E3800722B51 /* TestViewCell.swift in Sources */ = {isa = PBXBuildFile; fileRef = 4F05213B1D964E3800722B51 /* TestViewCell.swift */; };
		4F05213E1D9656B700722B51 /* LabelWrapperView.swift in Sources */ = {isa = PBXBuildFile; fileRef = 4F05213D1D9656B700722B51 /* LabelWrapperView.swift */; };
		4F0521401D96586F00722B51 /* TestViewCellNoWrap.swift in Sources */ = {isa = PBXBuildFile; fileRef = 4F05213F1D96586F00722B51 /* TestViewCellNoWrap.swift */; };
		4F44CEDB1D98BCB700B3D172 /* TestStaticCollectionView.swift in Sources */ = {isa = PBXBuildFile; fileRef = 4F44CEDA1D98BCB700B3D172 /* TestStaticCollectionView.swift */; };
		4F44CEDD1D98BCC700B3D172 /* ColorRectView.swift in Sources */ = {isa = PBXBuildFile; fileRef = 4F44CEDC1D98BCC700B3D172 /* ColorRectView.swift */; };
		4F44CEDF1D98BF3E00B3D172 /* TestCustomCell.swift in Sources */ = {isa = PBXBuildFile; fileRef = 4F44CEDE1D98BF3E00B3D172 /* TestCustomCell.swift */; };
		4F44CEE11D9978D000B3D172 /* TestSimpleCollectionViewWithAutolayout.swift in Sources */ = {isa = PBXBuildFile; fileRef = 4F44CEE01D9978D000B3D172 /* TestSimpleCollectionViewWithAutolayout.swift */; };
		4F44CEE31D997A2200B3D172 /* TestSimpleCollectionCell.swift in Sources */ = {isa = PBXBuildFile; fileRef = 4F44CEE21D997A2200B3D172 /* TestSimpleCollectionCell.swift */; };
		4F9715941D9984B700F9F533 /* Default-568h@2x.png in Resources */ = {isa = PBXBuildFile; fileRef = 4F9715931D9984B700F9F533 /* Default-568h@2x.png */; };
/* End PBXBuildFile section */

/* Begin PBXFileReference section */
		4F0521241D964B0500722B51 /* NGTableViewDynamicSelfSizeAutolayoutTest.app */ = {isa = PBXFileReference; explicitFileType = wrapper.application; includeInIndex = 0; path = NGTableViewDynamicSelfSizeAutolayoutTest.app; sourceTree = BUILT_PRODUCTS_DIR; };
		4F0521271D964B0500722B51 /* AppDelegate.swift */ = {isa = PBXFileReference; lastKnownFileType = sourcecode.swift; path = AppDelegate.swift; sourceTree = "<group>"; };
		4F0521291D964B0500722B51 /* ViewController.swift */ = {isa = PBXFileReference; lastKnownFileType = sourcecode.swift; path = ViewController.swift; sourceTree = "<group>"; };
		4F05212E1D964B0500722B51 /* Assets.xcassets */ = {isa = PBXFileReference; lastKnownFileType = folder.assetcatalog; path = Assets.xcassets; sourceTree = "<group>"; };
		4F0521331D964B0500722B51 /* Info.plist */ = {isa = PBXFileReference; lastKnownFileType = text.plist.xml; path = Info.plist; sourceTree = "<group>"; };
		4F0521391D964CA400722B51 /* TestView.swift */ = {isa = PBXFileReference; fileEncoding = 4; lastKnownFileType = sourcecode.swift; path = TestView.swift; sourceTree = "<group>"; };
		4F05213B1D964E3800722B51 /* TestViewCell.swift */ = {isa = PBXFileReference; fileEncoding = 4; lastKnownFileType = sourcecode.swift; path = TestViewCell.swift; sourceTree = "<group>"; };
		4F05213D1D9656B700722B51 /* LabelWrapperView.swift */ = {isa = PBXFileReference; fileEncoding = 4; lastKnownFileType = sourcecode.swift; path = LabelWrapperView.swift; sourceTree = "<group>"; };
		4F05213F1D96586F00722B51 /* TestViewCellNoWrap.swift */ = {isa = PBXFileReference; fileEncoding = 4; lastKnownFileType = sourcecode.swift; path = TestViewCellNoWrap.swift; sourceTree = "<group>"; };
		4F44CEDA1D98BCB700B3D172 /* TestStaticCollectionView.swift */ = {isa = PBXFileReference; fileEncoding = 4; lastKnownFileType = sourcecode.swift; path = TestStaticCollectionView.swift; sourceTree = "<group>"; };
		4F44CEDC1D98BCC700B3D172 /* ColorRectView.swift */ = {isa = PBXFileReference; fileEncoding = 4; lastKnownFileType = sourcecode.swift; path = ColorRectView.swift; sourceTree = "<group>"; };
		4F44CEDE1D98BF3E00B3D172 /* TestCustomCell.swift */ = {isa = PBXFileReference; fileEncoding = 4; lastKnownFileType = sourcecode.swift; path = TestCustomCell.swift; sourceTree = "<group>"; };
		4F44CEE01D9978D000B3D172 /* TestSimpleCollectionViewWithAutolayout.swift */ = {isa = PBXFileReference; fileEncoding = 4; lastKnownFileType = sourcecode.swift; path = TestSimpleCollectionViewWithAutolayout.swift; sourceTree = "<group>"; };
		4F44CEE21D997A2200B3D172 /* TestSimpleCollectionCell.swift */ = {isa = PBXFileReference; fileEncoding = 4; lastKnownFileType = sourcecode.swift; path = TestSimpleCollectionCell.swift; sourceTree = "<group>"; };
		4F9715931D9984B700F9F533 /* Default-568h@2x.png */ = {isa = PBXFileReference; lastKnownFileType = image.png; path = "Default-568h@2x.png"; sourceTree = "<group>"; };
/* End PBXFileReference section */

/* Begin PBXFrameworksBuildPhase section */
		4F0521211D964B0500722B51 /* Frameworks */ = {
			isa = PBXFrameworksBuildPhase;
			buildActionMask = 2147483647;
			files = (
			);
			runOnlyForDeploymentPostprocessing = 0;
		};
/* End PBXFrameworksBuildPhase section */

/* Begin PBXGroup section */
		4F05211B1D964B0500722B51 = {
			isa = PBXGroup;
			children = (
				4F9715931D9984B700F9F533 /* Default-568h@2x.png */,
				4F0521261D964B0500722B51 /* NGTableViewDynamicSelfSizeAutolayoutTest */,
				4F0521251D964B0500722B51 /* Products */,
			);
			sourceTree = "<group>";
		};
		4F0521251D964B0500722B51 /* Products */ = {
			isa = PBXGroup;
			children = (
				4F0521241D964B0500722B51 /* NGTableViewDynamicSelfSizeAutolayoutTest.app */,
			);
			name = Products;
			sourceTree = "<group>";
		};
		4F0521261D964B0500722B51 /* NGTableViewDynamicSelfSizeAutolayoutTest */ = {
			isa = PBXGroup;
			children = (
				4F0521271D964B0500722B51 /* AppDelegate.swift */,
				4F0521291D964B0500722B51 /* ViewController.swift */,
				4F05212E1D964B0500722B51 /* Assets.xcassets */,
				4F0521331D964B0500722B51 /* Info.plist */,
				4F0521391D964CA400722B51 /* TestView.swift */,
				4F05213B1D964E3800722B51 /* TestViewCell.swift */,
				4F05213F1D96586F00722B51 /* TestViewCellNoWrap.swift */,
				4F05213D1D9656B700722B51 /* LabelWrapperView.swift */,
				4F44CEDA1D98BCB700B3D172 /* TestStaticCollectionView.swift */,
				4F44CEDC1D98BCC700B3D172 /* ColorRectView.swift */,
				4F44CEDE1D98BF3E00B3D172 /* TestCustomCell.swift */,
				4F44CEE01D9978D000B3D172 /* TestSimpleCollectionViewWithAutolayout.swift */,
				4F44CEE21D997A2200B3D172 /* TestSimpleCollectionCell.swift */,
			);
			path = NGTableViewDynamicSelfSizeAutolayoutTest;
			sourceTree = "<group>";
		};
/* End PBXGroup section */

/* Begin PBXNativeTarget section */
		4F0521231D964B0500722B51 /* NGTableViewDynamicSelfSizeAutolayoutTest */ = {
			isa = PBXNativeTarget;
			buildConfigurationList = 4F0521361D964B0500722B51 /* Build configuration list for PBXNativeTarget "NGTableViewDynamicSelfSizeAutolayoutTest" */;
			buildPhases = (
				4F0521201D964B0500722B51 /* Sources */,
				4F0521211D964B0500722B51 /* Frameworks */,
				4F0521221D964B0500722B51 /* Resources */,
			);
			buildRules = (
			);
			dependencies = (
			);
			name = NGTableViewDynamicSelfSizeAutolayoutTest;
			productName = NGTableViewDynamicSelfSizeAutolayoutTest;
			productReference = 4F0521241D964B0500722B51 /* NGTableViewDynamicSelfSizeAutolayoutTest.app */;
			productType = "com.apple.product-type.application";
		};
/* End PBXNativeTarget section */

/* Begin PBXProject section */
		4F05211C1D964B0500722B51 /* Project object */ = {
			isa = PBXProject;
			attributes = {
				LastSwiftUpdateCheck = 0800;
				LastUpgradeCheck = 0800;
				ORGANIZATIONNAME = "Noah Gilmore";
				TargetAttributes = {
					4F0521231D964B0500722B51 = {
						CreatedOnToolsVersion = 8.0;
						DevelopmentTeam = M8GGKFY949;
						ProvisioningStyle = Automatic;
					};
				};
			};
			buildConfigurationList = 4F05211F1D964B0500722B51 /* Build configuration list for PBXProject "NGTableViewDynamicSelfSizeAutolayoutTest" */;
			compatibilityVersion = "Xcode 3.2";
			developmentRegion = English;
			hasScannedForEncodings = 0;
			knownRegions = (
				en,
				Base,
			);
			mainGroup = 4F05211B1D964B0500722B51;
			productRefGroup = 4F0521251D964B0500722B51 /* Products */;
			projectDirPath = "";
			projectRoot = "";
			targets = (
				4F0521231D964B0500722B51 /* NGTableViewDynamicSelfSizeAutolayoutTest */,
			);
		};
/* End PBXProject section */

/* Begin PBXResourcesBuildPhase section */
		4F0521221D964B0500722B51 /* Resources */ = {
			isa = PBXResourcesBuildPhase;
			buildActionMask = 2147483647;
			files = (
				4F05212F1D964B0500722B51 /* Assets.xcassets in Resources */,
				4F9715941D9984B700F9F533 /* Default-568h@2x.png in Resources */,
			);
			runOnlyForDeploymentPostprocessing = 0;
		};
/* End PBXResourcesBuildPhase section */

/* Begin PBXSourcesBuildPhase section */
		4F0521201D964B0500722B51 /* Sources */ = {
			isa = PBXSourcesBuildPhase;
			buildActionMask = 2147483647;
			files = (
				4F05213C1D964E3800722B51 /* TestViewCell.swift in Sources */,
				4F05213A1D964CA400722B51 /* TestView.swift in Sources */,
				4F05212A1D964B0500722B51 /* ViewController.swift in Sources */,
				4F0521401D96586F00722B51 /* TestViewCellNoWrap.swift in Sources */,
				4F44CEDB1D98BCB700B3D172 /* TestStaticCollectionView.swift in Sources */,
				4F05213E1D9656B700722B51 /* LabelWrapperView.swift in Sources */,
				4F44CEDD1D98BCC700B3D172 /* ColorRectView.swift in Sources */,
				4F0521281D964B0500722B51 /* AppDelegate.swift in Sources */,
				4F44CEE31D997A2200B3D172 /* TestSimpleCollectionCell.swift in Sources */,
				4F44CEDF1D98BF3E00B3D172 /* TestCustomCell.swift in Sources */,
				4F44CEE11D9978D000B3D172 /* TestSimpleCollectionViewWithAutolayout.swift in Sources */,
			);
			runOnlyForDeploymentPostprocessing = 0;
		};
/* End PBXSourcesBuildPhase section */

/* Begin XCBuildConfiguration section */
		4F0521341D964B0500722B51 /* Debug */ = {
			isa = XCBuildConfiguration;
			buildSettings = {
				ALWAYS_SEARCH_USER_PATHS = NO;
				CLANG_ANALYZER_NONNULL = YES;
				CLANG_CXX_LANGUAGE_STANDARD = "gnu++0x";
				CLANG_CXX_LIBRARY = "libc++";
				CLANG_ENABLE_MODULES = YES;
				CLANG_ENABLE_OBJC_ARC = YES;
				CLANG_WARN_BOOL_CONVERSION = YES;
				CLANG_WARN_CONSTANT_CONVERSION = YES;
				CLANG_WARN_DIRECT_OBJC_ISA_USAGE = YES_ERROR;
				CLANG_WARN_DOCUMENTATION_COMMENTS = YES;
				CLANG_WARN_EMPTY_BODY = YES;
				CLANG_WARN_ENUM_CONVERSION = YES;
				CLANG_WARN_INFINITE_RECURSION = YES;
				CLANG_WARN_INT_CONVERSION = YES;
				CLANG_WARN_OBJC_ROOT_CLASS = YES_ERROR;
				CLANG_WARN_SUSPICIOUS_MOVES = YES;
				CLANG_WARN_UNREACHABLE_CODE = YES;
				CLANG_WARN__DUPLICATE_METHOD_MATCH = YES;
				"CODE_SIGN_IDENTITY[sdk=iphoneos*]" = "iPhone Developer";
				COPY_PHASE_STRIP = NO;
				DEBUG_INFORMATION_FORMAT = dwarf;
				ENABLE_STRICT_OBJC_MSGSEND = YES;
				ENABLE_TESTABILITY = YES;
				GCC_C_LANGUAGE_STANDARD = gnu99;
				GCC_DYNAMIC_NO_PIC = NO;
				GCC_NO_COMMON_BLOCKS = YES;
				GCC_OPTIMIZATION_LEVEL = 0;
				GCC_PREPROCESSOR_DEFINITIONS = (
					"DEBUG=1",
					"$(inherited)",
				);
				GCC_WARN_64_TO_32_BIT_CONVERSION = YES;
				GCC_WARN_ABOUT_RETURN_TYPE = YES_ERROR;
				GCC_WARN_UNDECLARED_SELECTOR = YES;
				GCC_WARN_UNINITIALIZED_AUTOS = YES_AGGRESSIVE;
				GCC_WARN_UNUSED_FUNCTION = YES;
				GCC_WARN_UNUSED_VARIABLE = YES;
				IPHONEOS_DEPLOYMENT_TARGET = 10.0;
				MTL_ENABLE_DEBUG_INFO = YES;
				ONLY_ACTIVE_ARCH = YES;
				SDKROOT = iphoneos;
				SWIFT_ACTIVE_COMPILATION_CONDITIONS = DEBUG;
				SWIFT_OPTIMIZATION_LEVEL = "-Onone";
				TARGETED_DEVICE_FAMILY = "1,2";
			};
			name = Debug;
		};
		4F0521351D964B0500722B51 /* Release */ = {
			isa = XCBuildConfiguration;
			buildSettings = {
				ALWAYS_SEARCH_USER_PATHS = NO;
				CLANG_ANALYZER_NONNULL = YES;
				CLANG_CXX_LANGUAGE_STANDARD = "gnu++0x";
				CLANG_CXX_LIBRARY = "libc++";
				CLANG_ENABLE_MODULES = YES;
				CLANG_ENABLE_OBJC_ARC = YES;
				CLANG_WARN_BOOL_CONVERSION = YES;
				CLANG_WARN_CONSTANT_CONVERSION = YES;
				CLANG_WARN_DIRECT_OBJC_ISA_USAGE = YES_ERROR;
				CLANG_WARN_DOCUMENTATION_COMMENTS = YES;
				CLANG_WARN_EMPTY_BODY = YES;
				CLANG_WARN_ENUM_CONVERSION = YES;
				CLANG_WARN_INFINITE_RECURSION = YES;
				CLANG_WARN_INT_CONVERSION = YES;
				CLANG_WARN_OBJC_ROOT_CLASS = YES_ERROR;
				CLANG_WARN_SUSPICIOUS_MOVES = YES;
				CLANG_WARN_UNREACHABLE_CODE = YES;
				CLANG_WARN__DUPLICATE_METHOD_MATCH = YES;
				"CODE_SIGN_IDENTITY[sdk=iphoneos*]" = "iPhone Developer";
				COPY_PHASE_STRIP = NO;
				DEBUG_INFORMATION_FORMAT = "dwarf-with-dsym";
				ENABLE_NS_ASSERTIONS = NO;
				ENABLE_STRICT_OBJC_MSGSEND = YES;
				GCC_C_LANGUAGE_STANDARD = gnu99;
				GCC_NO_COMMON_BLOCKS = YES;
				GCC_WARN_64_TO_32_BIT_CONVERSION = YES;
				GCC_WARN_ABOUT_RETURN_TYPE = YES_ERROR;
				GCC_WARN_UNDECLARED_SELECTOR = YES;
				GCC_WARN_UNINITIALIZED_AUTOS = YES_AGGRESSIVE;
				GCC_WARN_UNUSED_FUNCTION = YES;
				GCC_WARN_UNUSED_VARIABLE = YES;
				IPHONEOS_DEPLOYMENT_TARGET = 10.0;
				MTL_ENABLE_DEBUG_INFO = NO;
				SDKROOT = iphoneos;
				SWIFT_OPTIMIZATION_LEVEL = "-Owholemodule";
				TARGETED_DEVICE_FAMILY = "1,2";
				VALIDATE_PRODUCT = YES;
			};
			name = Release;
		};
		4F0521371D964B0500722B51 /* Debug */ = {
			isa = XCBuildConfiguration;
			buildSettings = {
				ASSETCATALOG_COMPILER_APPICON_NAME = AppIcon;
				DEVELOPMENT_TEAM = M8GGKFY949;
				INFOPLIST_FILE = NGTableViewDynamicSelfSizeAutolayoutTest/Info.plist;
				IPHONEOS_DEPLOYMENT_TARGET = 8.0;
				LD_RUNPATH_SEARCH_PATHS = "$(inherited) @executable_path/Frameworks";
				PRODUCT_BUNDLE_IDENTIFIER = com.noahgilmore.NGTableViewDynamicSelfSizeAutolayoutTest;
				PRODUCT_NAME = "$(TARGET_NAME)";
				SWIFT_VERSION = 3.0;
			};
			name = Debug;
		};
		4F0521381D964B0500722B51 /* Release */ = {
			isa = XCBuildConfiguration;
			buildSettings = {
				ASSETCATALOG_COMPILER_APPICON_NAME = AppIcon;
				DEVELOPMENT_TEAM = M8GGKFY949;
				INFOPLIST_FILE = NGTableViewDynamicSelfSizeAutolayoutTest/Info.plist;
				IPHONEOS_DEPLOYMENT_TARGET = 8.0;
				LD_RUNPATH_SEARCH_PATHS = "$(inherited) @executable_path/Frameworks";
				PRODUCT_BUNDLE_IDENTIFIER = com.noahgilmore.NGTableViewDynamicSelfSizeAutolayoutTest;
				PRODUCT_NAME = "$(TARGET_NAME)";
				SWIFT_VERSION = 3.0;
			};
			name = Release;
		};
/* End XCBuildConfiguration section */

/* Begin XCConfigurationList section */
		4F05211F1D964B0500722B51 /* Build configuration list for PBXProject "NGTableViewDynamicSelfSizeAutolayoutTest" */ = {
			isa = XCConfigurationList;
			buildConfigurations = (
				4F0521341D964B0500722B51 /* Debug */,
				4F0521351D964B0500722B51 /* Release */,
			);
			defaultConfigurationIsVisible = 0;
			defaultConfigurationName = Release;
		};
		4F0521361D964B0500722B51 /* Build configuration list for PBXNativeTarget "NGTableViewDynamicSelfSizeAutolayoutTest" */ = {
			isa = XCConfigurationList;
			buildConfigurations = (
				4F0521371D964B0500722B51 /* Debug */,
				4F0521381D964B0500722B51 /* Release */,
			);
			defaultConfigurationIsVisible = 0;
			defaultConfigurationName = Release;
		};
/* End XCConfigurationList section */
	};
	rootObject = 4F05211C1D964B0500722B51 /* Project object */;
}
